
Microsoft Visual Studio Solution File, Format Version 12.00
Project("{FAE04EC0-301F-11D3-BF4B-00C04F79EFBC}") = "TI_lab_3_v_2", "TI_lab_3_v_2\TI_lab_3_v_2.csproj", "{1113A164-5AA0-471F-A6DC-51013BC85DE5}"
EndProject
Global
	GlobalSection(SolutionConfigurationPlatforms) = preSolution
		Debug|Any CPU = Debug|Any CPU
		Release|Any CPU = Release|Any CPU
	EndGlobalSection
	GlobalSection(ProjectConfigurationPlatforms) = postSolution
		{1113A164-5AA0-471F-A6DC-51013BC85DE5}.Debug|Any CPU.ActiveCfg = Debug|Any CPU
		{1113A164-5AA0-471F-A6DC-51013BC85DE5}.Debug|Any CPU.Build.0 = Debug|Any CPU
		{1113A164-5AA0-471F-A6DC-51013BC85DE5}.Release|Any CPU.ActiveCfg = Release|Any CPU
		{1113A164-5AA0-471F-A6DC-51013BC85DE5}.Release|Any CPU.Build.0 = Release|Any CPU
	EndGlobalSection
EndGlobal
